
Microsoft Visual Studio Solution File, Format Version 12.00
# Visual Studio Version 17
VisualStudioVersion = 17.5.33424.131
MinimumVisualStudioVersion = 10.0.40219.1
Project("{FAE04EC0-301F-11D3-BF4B-00C04F79EFBC}") = "Polimorphism_Example", "Polimorphism_Example\Polimorphism_Example.csproj", "{E772DA15-B64C-4012-8BD9-398729F72EED}"
EndProject
Global
	GlobalSection(SolutionConfigurationPlatforms) = preSolution
		Debug|Any CPU = Debug|Any CPU
		Release|Any CPU = Release|Any CPU
	EndGlobalSection
	GlobalSection(ProjectConfigurationPlatforms) = postSolution
		{E772DA15-B64C-4012-8BD9-398729F72EED}.Debug|Any CPU.ActiveCfg = Debug|Any CPU
		{E772DA15-B64C-4012-8BD9-398729F72EED}.Debug|Any CPU.Build.0 = Debug|Any CPU
		{E772DA15-B64C-4012-8BD9-398729F72EED}.Release|Any CPU.ActiveCfg = Release|Any CPU
		{E772DA15-B64C-4012-8BD9-398729F72EED}.Release|Any CPU.Build.0 = Release|Any CPU
	EndGlobalSection
	GlobalSection(SolutionProperties) = preSolution
		HideSolutionNode = FALSE
	EndGlobalSection
	GlobalSection(ExtensibilityGlobals) = postSolution
		SolutionGuid = {838CCB06-5097-4C35-901A-2BEECD377AD9}
	EndGlobalSection
EndGlobal
